
Microsoft Visual Studio Solution File, Format Version 12.00
# Visual Studio 2012
Project("{FAE04EC0-301F-11D3-BF4B-00C04F79EFBC}") = "CalculatorLib", "CalculatorLib\CalculatorLib.csproj", "{E60552E0-1464-4846-8B69-A94B6AFCB89B}"
EndProject
Project("{FAE04EC0-301F-11D3-BF4B-00C04F79EFBC}") = "CalculatorMVC", "CalculatorMVC\CalculatorMVC.csproj", "{C8C3B008-BB7D-41C1-9428-703459656B45}"
EndProject
Project("{FAE04EC0-301F-11D3-BF4B-00C04F79EFBC}") = "Calculator.Selenium", "Calculator.Selenium\Calculator.Selenium.csproj", "{15507655-0FDE-44FD-8B33-A7D1FE68ADBE}"
EndProject
Global
	GlobalSection(SolutionConfigurationPlatforms) = preSolution
		Debug|Any CPU = Debug|Any CPU
		Release|Any CPU = Release|Any CPU
	EndGlobalSection
	GlobalSection(ProjectConfigurationPlatforms) = postSolution
		{E60552E0-1464-4846-8B69-A94B6AFCB89B}.Debug|Any CPU.ActiveCfg = Debug|Any CPU
		{E60552E0-1464-4846-8B69-A94B6AFCB89B}.Debug|Any CPU.Build.0 = Debug|Any CPU
		{E60552E0-1464-4846-8B69-A94B6AFCB89B}.Release|Any CPU.ActiveCfg = Release|Any CPU
		{E60552E0-1464-4846-8B69-A94B6AFCB89B}.Release|Any CPU.Build.0 = Release|Any CPU
		{C8C3B008-BB7D-41C1-9428-703459656B45}.Debug|Any CPU.ActiveCfg = Debug|Any CPU
		{C8C3B008-BB7D-41C1-9428-703459656B45}.Debug|Any CPU.Build.0 = Debug|Any CPU
		{C8C3B008-BB7D-41C1-9428-703459656B45}.Release|Any CPU.ActiveCfg = Release|Any CPU
		{C8C3B008-BB7D-41C1-9428-703459656B45}.Release|Any CPU.Build.0 = Release|Any CPU
		{15507655-0FDE-44FD-8B33-A7D1FE68ADBE}.Debug|Any CPU.ActiveCfg = Debug|Any CPU
		{15507655-0FDE-44FD-8B33-A7D1FE68ADBE}.Debug|Any CPU.Build.0 = Debug|Any CPU
		{15507655-0FDE-44FD-8B33-A7D1FE68ADBE}.Release|Any CPU.ActiveCfg = Release|Any CPU
		{15507655-0FDE-44FD-8B33-A7D1FE68ADBE}.Release|Any CPU.Build.0 = Release|Any CPU
	EndGlobalSection
EndGlobal
